
Microsoft Visual Studio Solution File, Format Version 12.00
# Visual Studio Version 17
VisualStudioVersion = 17.7.34221.43
MinimumVisualStudioVersion = 10.0.40219.1
Project("{FAE04EC0-301F-11D3-BF4B-00C04F79EFBC}") = "listBoxWorking", "listBoxWorking\listBoxWorking.csproj", "{132AFDCD-D834-4181-9262-2C0A4B2EBEB5}"
EndProject
Global
	GlobalSection(SolutionConfigurationPlatforms) = preSolution
		Debug|Any CPU = Debug|Any CPU
		Release|Any CPU = Release|Any CPU
	EndGlobalSection
	GlobalSection(ProjectConfigurationPlatforms) = postSolution
		{132AFDCD-D834-4181-9262-2C0A4B2EBEB5}.Debug|Any CPU.ActiveCfg = Debug|Any CPU
		{132AFDCD-D834-4181-9262-2C0A4B2EBEB5}.Debug|Any CPU.Build.0 = Debug|Any CPU
		{132AFDCD-D834-4181-9262-2C0A4B2EBEB5}.Release|Any CPU.ActiveCfg = Release|Any CPU
		{132AFDCD-D834-4181-9262-2C0A4B2EBEB5}.Release|Any CPU.Build.0 = Release|Any CPU
	EndGlobalSection
	GlobalSection(SolutionProperties) = preSolution
		HideSolutionNode = FALSE
	EndGlobalSection
	GlobalSection(ExtensibilityGlobals) = postSolution
		SolutionGuid = {1CF145AD-6400-430D-8777-287DC774B1BF}
	EndGlobalSection
EndGlobal
